
Microsoft Visual Studio Solution File, Format Version 12.00
# Visual Studio Version 16
VisualStudioVersion = 16.0.28729.10
MinimumVisualStudioVersion = 10.0.40219.1
Project("{9A19103F-16F7-4668-BE54-9A1E7A4F7556}") = "NoobSwarm", "NoobSwarm\NoobSwarm.csproj", "{892FF691-CA1A-415A-B458-F6DB7FF890BB}"
EndProject
Project("{9A19103F-16F7-4668-BE54-9A1E7A4F7556}") = "NoobSwarm.WPF", "NoobSwarm.WPF\NoobSwarm.WPF.csproj", "{423B69E6-4C03-4406-8561-2F3771B59E96}"
EndProject
Project("{9A19103F-16F7-4668-BE54-9A1E7A4F7556}") = "NoobSwarm.Service", "NoobSwarm.Service\NoobSwarm.Service.csproj", "{47AB59D9-DB15-4CBC-8062-A69CB9B0C6DA}"
EndProject
Project("{9A19103F-16F7-4668-BE54-9A1E7A4F7556}") = "NoobSwarm.Windows", "NoobSwarm.Windows\NoobSwarm.Windows.csproj", "{9BF875C6-3DB2-469E-9222-02EBD177757F}"
EndProject
Global
	GlobalSection(SolutionConfigurationPlatforms) = preSolution
		Debug|Any CPU = Debug|Any CPU
		Release|Any CPU = Release|Any CPU
	EndGlobalSection
	GlobalSection(ProjectConfigurationPlatforms) = postSolution
		{892FF691-CA1A-415A-B458-F6DB7FF890BB}.Debug|Any CPU.ActiveCfg = Debug|Any CPU
		{892FF691-CA1A-415A-B458-F6DB7FF890BB}.Debug|Any CPU.Build.0 = Debug|Any CPU
		{892FF691-CA1A-415A-B458-F6DB7FF890BB}.Release|Any CPU.ActiveCfg = Release|Any CPU
		{892FF691-CA1A-415A-B458-F6DB7FF890BB}.Release|Any CPU.Build.0 = Release|Any CPU
		{423B69E6-4C03-4406-8561-2F3771B59E96}.Debug|Any CPU.ActiveCfg = Debug|Any CPU
		{423B69E6-4C03-4406-8561-2F3771B59E96}.Debug|Any CPU.Build.0 = Debug|Any CPU
		{423B69E6-4C03-4406-8561-2F3771B59E96}.Release|Any CPU.ActiveCfg = Release|Any CPU
		{423B69E6-4C03-4406-8561-2F3771B59E96}.Release|Any CPU.Build.0 = Release|Any CPU
		{47AB59D9-DB15-4CBC-8062-A69CB9B0C6DA}.Debug|Any CPU.ActiveCfg = Debug|Any CPU
		{47AB59D9-DB15-4CBC-8062-A69CB9B0C6DA}.Debug|Any CPU.Build.0 = Debug|Any CPU
		{47AB59D9-DB15-4CBC-8062-A69CB9B0C6DA}.Release|Any CPU.ActiveCfg = Release|Any CPU
		{47AB59D9-DB15-4CBC-8062-A69CB9B0C6DA}.Release|Any CPU.Build.0 = Release|Any CPU
		{9BF875C6-3DB2-469E-9222-02EBD177757F}.Debug|Any CPU.ActiveCfg = Debug|Any CPU
		{9BF875C6-3DB2-469E-9222-02EBD177757F}.Debug|Any CPU.Build.0 = Debug|Any CPU
		{9BF875C6-3DB2-469E-9222-02EBD177757F}.Release|Any CPU.ActiveCfg = Release|Any CPU
		{9BF875C6-3DB2-469E-9222-02EBD177757F}.Release|Any CPU.Build.0 = Release|Any CPU
	EndGlobalSection
	GlobalSection(SolutionProperties) = preSolution
		HideSolutionNode = FALSE
	EndGlobalSection
	GlobalSection(ExtensibilityGlobals) = postSolution
		SolutionGuid = {CB0BCDEE-5FAF-4643-96C4-7D4C48934AA6}
	EndGlobalSection
EndGlobal
